
Microsoft Visual Studio Solution File, Format Version 12.00
# Visual Studio Version 17
VisualStudioVersion = 17.5.33627.172
MinimumVisualStudioVersion = 10.0.40219.1
Project("{FAE04EC0-301F-11D3-BF4B-00C04F79EFBC}") = "DigitalCashHub", "DigitalCashHub\DigitalCashHub.csproj", "{0786132C-F17B-4B58-AEFF-CD450EDF3EF8}"
EndProject
Global
	GlobalSection(SolutionConfigurationPlatforms) = preSolution
		Debug|Any CPU = Debug|Any CPU
		Release|Any CPU = Release|Any CPU
	EndGlobalSection
	GlobalSection(ProjectConfigurationPlatforms) = postSolution
		{0786132C-F17B-4B58-AEFF-CD450EDF3EF8}.Debug|Any CPU.ActiveCfg = Debug|Any CPU
		{0786132C-F17B-4B58-AEFF-CD450EDF3EF8}.Debug|Any CPU.Build.0 = Debug|Any CPU
		{0786132C-F17B-4B58-AEFF-CD450EDF3EF8}.Release|Any CPU.ActiveCfg = Release|Any CPU
		{0786132C-F17B-4B58-AEFF-CD450EDF3EF8}.Release|Any CPU.Build.0 = Release|Any CPU
	EndGlobalSection
	GlobalSection(SolutionProperties) = preSolution
		HideSolutionNode = FALSE
	EndGlobalSection
	GlobalSection(ExtensibilityGlobals) = postSolution
		SolutionGuid = {E2F17230-82C4-489E-87D3-AD3360C88237}
	EndGlobalSection
EndGlobal
